
Microsoft Visual Studio Solution File, Format Version 12.00
# Visual Studio 15
VisualStudioVersion = 15.0.27703.2042
MinimumVisualStudioVersion = 10.0.40219.1
Project("{FAE04EC0-301F-11D3-BF4B-00C04F79EFBC}") = "Bibo Verwaltung", "Bibo Verwaltung.csproj", "{C144EE33-6B1C-4D1F-876E-895F2F35D6A7}"
	ProjectSection(ProjectDependencies) = postProject
		{361179B6-418A-42B0-A81D-74A59ADB2045} = {361179B6-418A-42B0-A81D-74A59ADB2045}
	EndProjectSection
EndProject
Project("{2150E333-8FDC-42A3-9474-1A3956D46DE8}") = "Solution Items", "Solution Items", "{030A1736-F9FB-48B7-A593-844DCFEB6243}"
EndProject
Project("{FAE04EC0-301F-11D3-BF4B-00C04F79EFBC}") = "ScreenSize", "..\ScreenSize\ScreenSize\ScreenSize.csproj", "{361179B6-418A-42B0-A81D-74A59ADB2045}"
EndProject
Global
	GlobalSection(SolutionConfigurationPlatforms) = preSolution
		Debug|Any CPU = Debug|Any CPU
		Debug|x64 = Debug|x64
		Release|Any CPU = Release|Any CPU
		Release|x64 = Release|x64
	EndGlobalSection
	GlobalSection(ProjectConfigurationPlatforms) = postSolution
		{C144EE33-6B1C-4D1F-876E-895F2F35D6A7}.Debug|Any CPU.ActiveCfg = Debug|Any CPU
		{C144EE33-6B1C-4D1F-876E-895F2F35D6A7}.Debug|Any CPU.Build.0 = Debug|Any CPU
		{C144EE33-6B1C-4D1F-876E-895F2F35D6A7}.Debug|x64.ActiveCfg = Debug|x64
		{C144EE33-6B1C-4D1F-876E-895F2F35D6A7}.Debug|x64.Build.0 = Debug|x64
		{C144EE33-6B1C-4D1F-876E-895F2F35D6A7}.Release|Any CPU.ActiveCfg = Release|Any CPU
		{C144EE33-6B1C-4D1F-876E-895F2F35D6A7}.Release|Any CPU.Build.0 = Release|Any CPU
		{C144EE33-6B1C-4D1F-876E-895F2F35D6A7}.Release|x64.ActiveCfg = Release|x64
		{C144EE33-6B1C-4D1F-876E-895F2F35D6A7}.Release|x64.Build.0 = Release|x64
		{361179B6-418A-42B0-A81D-74A59ADB2045}.Debug|Any CPU.ActiveCfg = Debug|Any CPU
		{361179B6-418A-42B0-A81D-74A59ADB2045}.Debug|Any CPU.Build.0 = Debug|Any CPU
		{361179B6-418A-42B0-A81D-74A59ADB2045}.Debug|x64.ActiveCfg = Debug|Any CPU
		{361179B6-418A-42B0-A81D-74A59ADB2045}.Debug|x64.Build.0 = Debug|Any CPU
		{361179B6-418A-42B0-A81D-74A59ADB2045}.Release|Any CPU.ActiveCfg = Release|Any CPU
		{361179B6-418A-42B0-A81D-74A59ADB2045}.Release|Any CPU.Build.0 = Release|Any CPU
		{361179B6-418A-42B0-A81D-74A59ADB2045}.Release|x64.ActiveCfg = Release|Any CPU
		{361179B6-418A-42B0-A81D-74A59ADB2045}.Release|x64.Build.0 = Release|Any CPU
	EndGlobalSection
	GlobalSection(SolutionProperties) = preSolution
		HideSolutionNode = FALSE
	EndGlobalSection
	GlobalSection(ExtensibilityGlobals) = postSolution
		SolutionGuid = {F36967AF-0B79-4098-84D5-BBF290B248AF}
	EndGlobalSection
EndGlobal
