
Microsoft Visual Studio Solution File, Format Version 12.00
# Visual Studio 15
VisualStudioVersion = 15.0.27703.2042
MinimumVisualStudioVersion = 10.0.40219.1
Project("{FAE04EC0-301F-11D3-BF4B-00C04F79EFBC}") = "ScreenSize", "ScreenSize\ScreenSize.csproj", "{361179B6-418A-42B0-A81D-74A59ADB2045}"
EndProject
Global
	GlobalSection(SolutionConfigurationPlatforms) = preSolution
		Debug|Any CPU = Debug|Any CPU
		Release|Any CPU = Release|Any CPU
	EndGlobalSection
	GlobalSection(ProjectConfigurationPlatforms) = postSolution
		{361179B6-418A-42B0-A81D-74A59ADB2045}.Debug|Any CPU.ActiveCfg = Debug|Any CPU
		{361179B6-418A-42B0-A81D-74A59ADB2045}.Debug|Any CPU.Build.0 = Debug|Any CPU
		{361179B6-418A-42B0-A81D-74A59ADB2045}.Release|Any CPU.ActiveCfg = Release|Any CPU
		{361179B6-418A-42B0-A81D-74A59ADB2045}.Release|Any CPU.Build.0 = Release|Any CPU
	EndGlobalSection
	GlobalSection(SolutionProperties) = preSolution
		HideSolutionNode = FALSE
	EndGlobalSection
	GlobalSection(ExtensibilityGlobals) = postSolution
		SolutionGuid = {1C71B2E8-D325-407F-BA26-E93224AE885E}
	EndGlobalSection
EndGlobal
